// !$*UTF8*$!
{
	archiveVersion = 1;
	classes = {
	};
	objectVersion = 50;
	objects = {

/* Begin PBXBuildFile section */
		9F3B007621E689AD00149E9B /* SpringbokClass.swift in Sources */ = {isa = PBXBuildFile; fileRef = 9F3B007521E689AD00149E9B /* SpringbokClass.swift */; };
		F49CB49A21C81A1D002AD2CF /* Key Commands.rtf in Resources */ = {isa = PBXBuildFile; fileRef = F49CB49921C81A1D002AD2CF /* Key Commands.rtf */; };
		F49DC5CB21E4070300CEABC1 /* SaddlecatClass.swift in Sources */ = {isa = PBXBuildFile; fileRef = F49DC5CA21E4070300CEABC1 /* SaddlecatClass.swift */; };
		F49DC5CD21E53F2100CEABC1 /* BirdClass.swift in Sources */ = {isa = PBXBuildFile; fileRef = F49DC5CC21E53F2100CEABC1 /* BirdClass.swift */; };
		F49DC5CF21E6364100CEABC1 /* TestClass.swift in Sources */ = {isa = PBXBuildFile; fileRef = F49DC5CE21E6364100CEABC1 /* TestClass.swift */; };
		F4FA4D8921C30A8B0062BDE2 /* AppDelegate.swift in Sources */ = {isa = PBXBuildFile; fileRef = F4FA4D8821C30A8B0062BDE2 /* AppDelegate.swift */; };
		F4FA4D8B21C30A8B0062BDE2 /* GameScene.sks in Resources */ = {isa = PBXBuildFile; fileRef = F4FA4D8A21C30A8B0062BDE2 /* GameScene.sks */; };
		F4FA4D8D21C30A8B0062BDE2 /* Actions.sks in Resources */ = {isa = PBXBuildFile; fileRef = F4FA4D8C21C30A8B0062BDE2 /* Actions.sks */; };
		F4FA4D8F21C30A8B0062BDE2 /* GameScene.swift in Sources */ = {isa = PBXBuildFile; fileRef = F4FA4D8E21C30A8B0062BDE2 /* GameScene.swift */; };
		F4FA4D9121C30A8B0062BDE2 /* ViewController.swift in Sources */ = {isa = PBXBuildFile; fileRef = F4FA4D9021C30A8B0062BDE2 /* ViewController.swift */; };
		F4FA4D9321C30A8C0062BDE2 /* Assets.xcassets in Resources */ = {isa = PBXBuildFile; fileRef = F4FA4D9221C30A8C0062BDE2 /* Assets.xcassets */; };
		F4FA4D9621C30A8C0062BDE2 /* Main.storyboard in Resources */ = {isa = PBXBuildFile; fileRef = F4FA4D9421C30A8C0062BDE2 /* Main.storyboard */; };
		F4FA4D9F21C31AEF0062BDE2 /* EntityClass.swift in Sources */ = {isa = PBXBuildFile; fileRef = F4FA4D9E21C31AEF0062BDE2 /* EntityClass.swift */; };
		F4FA4DA321C31B300062BDE2 /* MessageClass.swift in Sources */ = {isa = PBXBuildFile; fileRef = F4FA4DA221C31B300062BDE2 /* MessageClass.swift */; };
		F4FA4DA521C31B370062BDE2 /* random.swift in Sources */ = {isa = PBXBuildFile; fileRef = F4FA4DA421C31B370062BDE2 /* random.swift */; };
		F4FA4DA821C46EED0062BDE2 /* ZoneClass.swift in Sources */ = {isa = PBXBuildFile; fileRef = F4FA4DA721C46EED0062BDE2 /* ZoneClass.swift */; };
		F4FA4DAA21C49B950062BDE2 /* MapClass.swift in Sources */ = {isa = PBXBuildFile; fileRef = F4FA4DA921C49B950062BDE2 /* MapClass.swift */; };
		F4FA4DAD21C5E2B80062BDE2 /* ToDoList.rtf in Resources */ = {isa = PBXBuildFile; fileRef = F4FA4DAC21C5E2B80062BDE2 /* ToDoList.rtf */; };
/* End PBXBuildFile section */

/* Begin PBXFileReference section */
		9F3B007521E689AD00149E9B /* SpringbokClass.swift */ = {isa = PBXFileReference; lastKnownFileType = sourcecode.swift; path = SpringbokClass.swift; sourceTree = "<group>"; };
		F49CB49921C81A1D002AD2CF /* Key Commands.rtf */ = {isa = PBXFileReference; lastKnownFileType = text.rtf; path = "Key Commands.rtf"; sourceTree = "<group>"; };
		F49DC5CA21E4070300CEABC1 /* SaddlecatClass.swift */ = {isa = PBXFileReference; lastKnownFileType = sourcecode.swift; path = SaddlecatClass.swift; sourceTree = "<group>"; };
		F49DC5CC21E53F2100CEABC1 /* BirdClass.swift */ = {isa = PBXFileReference; lastKnownFileType = sourcecode.swift; path = BirdClass.swift; sourceTree = "<group>"; };
		F49DC5CE21E6364100CEABC1 /* TestClass.swift */ = {isa = PBXFileReference; lastKnownFileType = sourcecode.swift; path = TestClass.swift; sourceTree = "<group>"; };
		F4FA4D8521C30A8B0062BDE2 /* AITestBed.app */ = {isa = PBXFileReference; explicitFileType = wrapper.application; includeInIndex = 0; path = AITestBed.app; sourceTree = BUILT_PRODUCTS_DIR; };
		F4FA4D8821C30A8B0062BDE2 /* AppDelegate.swift */ = {isa = PBXFileReference; lastKnownFileType = sourcecode.swift; path = AppDelegate.swift; sourceTree = "<group>"; };
		F4FA4D8A21C30A8B0062BDE2 /* GameScene.sks */ = {isa = PBXFileReference; lastKnownFileType = file.sks; path = GameScene.sks; sourceTree = "<group>"; };
		F4FA4D8C21C30A8B0062BDE2 /* Actions.sks */ = {isa = PBXFileReference; lastKnownFileType = file.sks; path = Actions.sks; sourceTree = "<group>"; };
		F4FA4D8E21C30A8B0062BDE2 /* GameScene.swift */ = {isa = PBXFileReference; lastKnownFileType = sourcecode.swift; path = GameScene.swift; sourceTree = "<group>"; };
		F4FA4D9021C30A8B0062BDE2 /* ViewController.swift */ = {isa = PBXFileReference; lastKnownFileType = sourcecode.swift; path = ViewController.swift; sourceTree = "<group>"; };
		F4FA4D9221C30A8C0062BDE2 /* Assets.xcassets */ = {isa = PBXFileReference; lastKnownFileType = folder.assetcatalog; path = Assets.xcassets; sourceTree = "<group>"; };
		F4FA4D9521C30A8C0062BDE2 /* Base */ = {isa = PBXFileReference; lastKnownFileType = file.storyboard; name = Base; path = Base.lproj/Main.storyboard; sourceTree = "<group>"; };
		F4FA4D9721C30A8C0062BDE2 /* Info.plist */ = {isa = PBXFileReference; lastKnownFileType = text.plist.xml; path = Info.plist; sourceTree = "<group>"; };
		F4FA4D9821C30A8C0062BDE2 /* AITestBed.entitlements */ = {isa = PBXFileReference; lastKnownFileType = text.plist.entitlements; path = AITestBed.entitlements; sourceTree = "<group>"; };
		F4FA4D9E21C31AEF0062BDE2 /* EntityClass.swift */ = {isa = PBXFileReference; fileEncoding = 4; lastKnownFileType = sourcecode.swift; path = EntityClass.swift; sourceTree = "<group>"; };
		F4FA4DA221C31B300062BDE2 /* MessageClass.swift */ = {isa = PBXFileReference; fileEncoding = 4; lastKnownFileType = sourcecode.swift; path = MessageClass.swift; sourceTree = "<group>"; };
		F4FA4DA421C31B370062BDE2 /* random.swift */ = {isa = PBXFileReference; fileEncoding = 4; lastKnownFileType = sourcecode.swift; path = random.swift; sourceTree = "<group>"; };
		F4FA4DA721C46EED0062BDE2 /* ZoneClass.swift */ = {isa = PBXFileReference; lastKnownFileType = sourcecode.swift; path = ZoneClass.swift; sourceTree = "<group>"; };
		F4FA4DA921C49B950062BDE2 /* MapClass.swift */ = {isa = PBXFileReference; lastKnownFileType = sourcecode.swift; path = MapClass.swift; sourceTree = "<group>"; };
		F4FA4DAC21C5E2B80062BDE2 /* ToDoList.rtf */ = {isa = PBXFileReference; lastKnownFileType = text.rtf; path = ToDoList.rtf; sourceTree = "<group>"; };
/* End PBXFileReference section */

/* Begin PBXFrameworksBuildPhase section */
		F4FA4D8221C30A8B0062BDE2 /* Frameworks */ = {
			isa = PBXFrameworksBuildPhase;
			buildActionMask = 2147483647;
			files = (
			);
			runOnlyForDeploymentPostprocessing = 0;
		};
/* End PBXFrameworksBuildPhase section */

/* Begin PBXGroup section */
		F4FA4D7C21C30A8B0062BDE2 = {
			isa = PBXGroup;
			children = (
				F4FA4D8721C30A8B0062BDE2 /* AITestBed */,
				F4FA4D8621C30A8B0062BDE2 /* Products */,
			);
			sourceTree = "<group>";
		};
		F4FA4D8621C30A8B0062BDE2 /* Products */ = {
			isa = PBXGroup;
			children = (
				F4FA4D8521C30A8B0062BDE2 /* AITestBed.app */,
			);
			name = Products;
			sourceTree = "<group>";
		};
		F4FA4D8721C30A8B0062BDE2 /* AITestBed */ = {
			isa = PBXGroup;
			children = (
				F4FA4DAB21C5E27E0062BDE2 /* Docs */,
				F4FA4DA621C31B760062BDE2 /* Misc Files */,
				F4FA4DA121C31B1A0062BDE2 /* Support Classes */,
				F4FA4DA021C31B010062BDE2 /* AI Classes */,
				F4FA4D8E21C30A8B0062BDE2 /* GameScene.swift */,
				F4FA4D9021C30A8B0062BDE2 /* ViewController.swift */,
				F4FA4D9221C30A8C0062BDE2 /* Assets.xcassets */,
				F4FA4D9721C30A8C0062BDE2 /* Info.plist */,
				F4FA4D9821C30A8C0062BDE2 /* AITestBed.entitlements */,
			);
			path = AITestBed;
			sourceTree = "<group>";
		};
		F4FA4DA021C31B010062BDE2 /* AI Classes */ = {
			isa = PBXGroup;
			children = (
				F4FA4D9E21C31AEF0062BDE2 /* EntityClass.swift */,
				F49DC5CA21E4070300CEABC1 /* SaddlecatClass.swift */,
				F49DC5CC21E53F2100CEABC1 /* BirdClass.swift */,
				F49DC5CE21E6364100CEABC1 /* TestClass.swift */,
				9F3B007521E689AD00149E9B /* SpringbokClass.swift */,
			);
			name = "AI Classes";
			sourceTree = "<group>";
		};
		F4FA4DA121C31B1A0062BDE2 /* Support Classes */ = {
			isa = PBXGroup;
			children = (
				F4FA4DA221C31B300062BDE2 /* MessageClass.swift */,
				F4FA4DA421C31B370062BDE2 /* random.swift */,
				F4FA4DA721C46EED0062BDE2 /* ZoneClass.swift */,
				F4FA4DA921C49B950062BDE2 /* MapClass.swift */,
			);
			path = "Support Classes";
			sourceTree = "<group>";
		};
		F4FA4DA621C31B760062BDE2 /* Misc Files */ = {
			isa = PBXGroup;
			children = (
				F4FA4D8821C30A8B0062BDE2 /* AppDelegate.swift */,
				F4FA4D8A21C30A8B0062BDE2 /* GameScene.sks */,
				F4FA4D8C21C30A8B0062BDE2 /* Actions.sks */,
				F4FA4D9421C30A8C0062BDE2 /* Main.storyboard */,
			);
			path = "Misc Files";
			sourceTree = "<group>";
		};
		F4FA4DAB21C5E27E0062BDE2 /* Docs */ = {
			isa = PBXGroup;
			children = (
				F4FA4DAC21C5E2B80062BDE2 /* ToDoList.rtf */,
				F49CB49921C81A1D002AD2CF /* Key Commands.rtf */,
			);
			path = Docs;
			sourceTree = "<group>";
		};
/* End PBXGroup section */

/* Begin PBXNativeTarget section */
		F4FA4D8421C30A8B0062BDE2 /* AITestBed */ = {
			isa = PBXNativeTarget;
			buildConfigurationList = F4FA4D9B21C30A8C0062BDE2 /* Build configuration list for PBXNativeTarget "AITestBed" */;
			buildPhases = (
				F4FA4D8121C30A8B0062BDE2 /* Sources */,
				F4FA4D8221C30A8B0062BDE2 /* Frameworks */,
				F4FA4D8321C30A8B0062BDE2 /* Resources */,
			);
			buildRules = (
			);
			dependencies = (
			);
			name = AITestBed;
			productName = AITestBed;
			productReference = F4FA4D8521C30A8B0062BDE2 /* AITestBed.app */;
			productType = "com.apple.product-type.application";
		};
/* End PBXNativeTarget section */

/* Begin PBXProject section */
		F4FA4D7D21C30A8B0062BDE2 /* Project object */ = {
			isa = PBXProject;
			attributes = {
				LastSwiftUpdateCheck = 1010;
				LastUpgradeCheck = 1010;
				ORGANIZATIONNAME = "Liberty Game Dev";
				TargetAttributes = {
					F4FA4D8421C30A8B0062BDE2 = {
						CreatedOnToolsVersion = 10.1;
					};
				};
			};
			buildConfigurationList = F4FA4D8021C30A8B0062BDE2 /* Build configuration list for PBXProject "AITestBed" */;
			compatibilityVersion = "Xcode 9.3";
			developmentRegion = en;
			hasScannedForEncodings = 0;
			knownRegions = (
				en,
				Base,
			);
			mainGroup = F4FA4D7C21C30A8B0062BDE2;
			productRefGroup = F4FA4D8621C30A8B0062BDE2 /* Products */;
			projectDirPath = "";
			projectRoot = "";
			targets = (
				F4FA4D8421C30A8B0062BDE2 /* AITestBed */,
			);
		};
/* End PBXProject section */

/* Begin PBXResourcesBuildPhase section */
		F4FA4D8321C30A8B0062BDE2 /* Resources */ = {
			isa = PBXResourcesBuildPhase;
			buildActionMask = 2147483647;
			files = (
				F4FA4D8B21C30A8B0062BDE2 /* GameScene.sks in Resources */,
				F4FA4D9321C30A8C0062BDE2 /* Assets.xcassets in Resources */,
				F4FA4DAD21C5E2B80062BDE2 /* ToDoList.rtf in Resources */,
				F4FA4D8D21C30A8B0062BDE2 /* Actions.sks in Resources */,
				F4FA4D9621C30A8C0062BDE2 /* Main.storyboard in Resources */,
				F49CB49A21C81A1D002AD2CF /* Key Commands.rtf in Resources */,
			);
			runOnlyForDeploymentPostprocessing = 0;
		};
/* End PBXResourcesBuildPhase section */

/* Begin PBXSourcesBuildPhase section */
		F4FA4D8121C30A8B0062BDE2 /* Sources */ = {
			isa = PBXSourcesBuildPhase;
			buildActionMask = 2147483647;
			files = (
				F4FA4DAA21C49B950062BDE2 /* MapClass.swift in Sources */,
				F49DC5CF21E6364100CEABC1 /* TestClass.swift in Sources */,
				F4FA4DA521C31B370062BDE2 /* random.swift in Sources */,
				F4FA4D9121C30A8B0062BDE2 /* ViewController.swift in Sources */,
				F49DC5CD21E53F2100CEABC1 /* BirdClass.swift in Sources */,
				9F3B007621E689AD00149E9B /* SpringbokClass.swift in Sources */,
				F4FA4D8F21C30A8B0062BDE2 /* GameScene.swift in Sources */,
				F4FA4DA821C46EED0062BDE2 /* ZoneClass.swift in Sources */,
				F4FA4D8921C30A8B0062BDE2 /* AppDelegate.swift in Sources */,
				F49DC5CB21E4070300CEABC1 /* SaddlecatClass.swift in Sources */,
				F4FA4DA321C31B300062BDE2 /* MessageClass.swift in Sources */,
				F4FA4D9F21C31AEF0062BDE2 /* EntityClass.swift in Sources */,
			);
			runOnlyForDeploymentPostprocessing = 0;
		};
/* End PBXSourcesBuildPhase section */

/* Begin PBXVariantGroup section */
		F4FA4D9421C30A8C0062BDE2 /* Main.storyboard */ = {
			isa = PBXVariantGroup;
			children = (
				F4FA4D9521C30A8C0062BDE2 /* Base */,
			);
			name = Main.storyboard;
			sourceTree = "<group>";
		};
/* End PBXVariantGroup section */

/* Begin XCBuildConfiguration section */
		F4FA4D9921C30A8C0062BDE2 /* Debug */ = {
			isa = XCBuildConfiguration;
			buildSettings = {
				ALWAYS_SEARCH_USER_PATHS = NO;
				CLANG_ANALYZER_NONNULL = YES;
				CLANG_ANALYZER_NUMBER_OBJECT_CONVERSION = YES_AGGRESSIVE;
				CLANG_CXX_LANGUAGE_STANDARD = "gnu++14";
				CLANG_CXX_LIBRARY = "libc++";
				CLANG_ENABLE_MODULES = YES;
				CLANG_ENABLE_OBJC_ARC = YES;
				CLANG_ENABLE_OBJC_WEAK = YES;
				CLANG_WARN_BLOCK_CAPTURE_AUTORELEASING = YES;
				CLANG_WARN_BOOL_CONVERSION = YES;
				CLANG_WARN_COMMA = YES;
				CLANG_WARN_CONSTANT_CONVERSION = YES;
				CLANG_WARN_DEPRECATED_OBJC_IMPLEMENTATIONS = YES;
				CLANG_WARN_DIRECT_OBJC_ISA_USAGE = YES_ERROR;
				CLANG_WARN_DOCUMENTATION_COMMENTS = YES;
				CLANG_WARN_EMPTY_BODY = YES;
				CLANG_WARN_ENUM_CONVERSION = YES;
				CLANG_WARN_INFINITE_RECURSION = YES;
				CLANG_WARN_INT_CONVERSION = YES;
				CLANG_WARN_NON_LITERAL_NULL_CONVERSION = YES;
				CLANG_WARN_OBJC_IMPLICIT_RETAIN_SELF = YES;
				CLANG_WARN_OBJC_LITERAL_CONVERSION = YES;
				CLANG_WARN_OBJC_ROOT_CLASS = YES_ERROR;
				CLANG_WARN_RANGE_LOOP_ANALYSIS = YES;
				CLANG_WARN_STRICT_PROTOTYPES = YES;
				CLANG_WARN_SUSPICIOUS_MOVE = YES;
				CLANG_WARN_UNGUARDED_AVAILABILITY = YES_AGGRESSIVE;
				CLANG_WARN_UNREACHABLE_CODE = YES;
				CLANG_WARN__DUPLICATE_METHOD_MATCH = YES;
				CODE_SIGN_IDENTITY = "-";
				COPY_PHASE_STRIP = NO;
				DEBUG_INFORMATION_FORMAT = dwarf;
				ENABLE_STRICT_OBJC_MSGSEND = YES;
				ENABLE_TESTABILITY = YES;
				GCC_C_LANGUAGE_STANDARD = gnu11;
				GCC_DYNAMIC_NO_PIC = NO;
				GCC_NO_COMMON_BLOCKS = YES;
				GCC_OPTIMIZATION_LEVEL = 0;
				GCC_PREPROCESSOR_DEFINITIONS = (
					"DEBUG=1",
					"$(inherited)",
				);
				GCC_WARN_64_TO_32_BIT_CONVERSION = YES;
				GCC_WARN_ABOUT_RETURN_TYPE = YES_ERROR;
				GCC_WARN_UNDECLARED_SELECTOR = YES;
				GCC_WARN_UNINITIALIZED_AUTOS = YES_AGGRESSIVE;
				GCC_WARN_UNUSED_FUNCTION = YES;
				GCC_WARN_UNUSED_VARIABLE = YES;
				MACOSX_DEPLOYMENT_TARGET = 10.14;
				MTL_ENABLE_DEBUG_INFO = INCLUDE_SOURCE;
				MTL_FAST_MATH = YES;
				ONLY_ACTIVE_ARCH = YES;
				SDKROOT = macosx;
				SWIFT_ACTIVE_COMPILATION_CONDITIONS = DEBUG;
				SWIFT_OPTIMIZATION_LEVEL = "-Onone";
			};
			name = Debug;
		};
		F4FA4D9A21C30A8C0062BDE2 /* Release */ = {
			isa = XCBuildConfiguration;
			buildSettings = {
				ALWAYS_SEARCH_USER_PATHS = NO;
				CLANG_ANALYZER_NONNULL = YES;
				CLANG_ANALYZER_NUMBER_OBJECT_CONVERSION = YES_AGGRESSIVE;
				CLANG_CXX_LANGUAGE_STANDARD = "gnu++14";
				CLANG_CXX_LIBRARY = "libc++";
				CLANG_ENABLE_MODULES = YES;
				CLANG_ENABLE_OBJC_ARC = YES;
				CLANG_ENABLE_OBJC_WEAK = YES;
				CLANG_WARN_BLOCK_CAPTURE_AUTORELEASING = YES;
				CLANG_WARN_BOOL_CONVERSION = YES;
				CLANG_WARN_COMMA = YES;
				CLANG_WARN_CONSTANT_CONVERSION = YES;
				CLANG_WARN_DEPRECATED_OBJC_IMPLEMENTATIONS = YES;
				CLANG_WARN_DIRECT_OBJC_ISA_USAGE = YES_ERROR;
				CLANG_WARN_DOCUMENTATION_COMMENTS = YES;
				CLANG_WARN_EMPTY_BODY = YES;
				CLANG_WARN_ENUM_CONVERSION = YES;
				CLANG_WARN_INFINITE_RECURSION = YES;
				CLANG_WARN_INT_CONVERSION = YES;
				CLANG_WARN_NON_LITERAL_NULL_CONVERSION = YES;
				CLANG_WARN_OBJC_IMPLICIT_RETAIN_SELF = YES;
				CLANG_WARN_OBJC_LITERAL_CONVERSION = YES;
				CLANG_WARN_OBJC_ROOT_CLASS = YES_ERROR;
				CLANG_WARN_RANGE_LOOP_ANALYSIS = YES;
				CLANG_WARN_STRICT_PROTOTYPES = YES;
				CLANG_WARN_SUSPICIOUS_MOVE = YES;
				CLANG_WARN_UNGUARDED_AVAILABILITY = YES_AGGRESSIVE;
				CLANG_WARN_UNREACHABLE_CODE = YES;
				CLANG_WARN__DUPLICATE_METHOD_MATCH = YES;
				CODE_SIGN_IDENTITY = "-";
				COPY_PHASE_STRIP = NO;
				DEBUG_INFORMATION_FORMAT = "dwarf-with-dsym";
				ENABLE_NS_ASSERTIONS = NO;
				ENABLE_STRICT_OBJC_MSGSEND = YES;
				GCC_C_LANGUAGE_STANDARD = gnu11;
				GCC_NO_COMMON_BLOCKS = YES;
				GCC_WARN_64_TO_32_BIT_CONVERSION = YES;
				GCC_WARN_ABOUT_RETURN_TYPE = YES_ERROR;
				GCC_WARN_UNDECLARED_SELECTOR = YES;
				GCC_WARN_UNINITIALIZED_AUTOS = YES_AGGRESSIVE;
				GCC_WARN_UNUSED_FUNCTION = YES;
				GCC_WARN_UNUSED_VARIABLE = YES;
				MACOSX_DEPLOYMENT_TARGET = 10.14;
				MTL_ENABLE_DEBUG_INFO = NO;
				MTL_FAST_MATH = YES;
				SDKROOT = macosx;
				SWIFT_COMPILATION_MODE = wholemodule;
				SWIFT_OPTIMIZATION_LEVEL = "-O";
			};
			name = Release;
		};
		F4FA4D9C21C30A8C0062BDE2 /* Debug */ = {
			isa = XCBuildConfiguration;
			buildSettings = {
				ASSETCATALOG_COMPILER_APPICON_NAME = AppIcon;
				CODE_SIGN_ENTITLEMENTS = AITestBed/AITestBed.entitlements;
				CODE_SIGN_STYLE = Automatic;
				COMBINE_HIDPI_IMAGES = YES;
				INFOPLIST_FILE = AITestBed/Info.plist;
				LD_RUNPATH_SEARCH_PATHS = (
					"$(inherited)",
					"@executable_path/../Frameworks",
				);
				MACOSX_DEPLOYMENT_TARGET = 10.13;
				PRODUCT_BUNDLE_IDENTIFIER = LCS.AITestBed;
				PRODUCT_NAME = "$(TARGET_NAME)";
				SWIFT_VERSION = 4.2;
			};
			name = Debug;
		};
		F4FA4D9D21C30A8C0062BDE2 /* Release */ = {
			isa = XCBuildConfiguration;
			buildSettings = {
				ASSETCATALOG_COMPILER_APPICON_NAME = AppIcon;
				CODE_SIGN_ENTITLEMENTS = AITestBed/AITestBed.entitlements;
				CODE_SIGN_STYLE = Automatic;
				COMBINE_HIDPI_IMAGES = YES;
				INFOPLIST_FILE = AITestBed/Info.plist;
				LD_RUNPATH_SEARCH_PATHS = (
					"$(inherited)",
					"@executable_path/../Frameworks",
				);
				MACOSX_DEPLOYMENT_TARGET = 10.13;
				PRODUCT_BUNDLE_IDENTIFIER = LCS.AITestBed;
				PRODUCT_NAME = "$(TARGET_NAME)";
				SWIFT_VERSION = 4.2;
			};
			name = Release;
		};
/* End XCBuildConfiguration section */

/* Begin XCConfigurationList section */
		F4FA4D8021C30A8B0062BDE2 /* Build configuration list for PBXProject "AITestBed" */ = {
			isa = XCConfigurationList;
			buildConfigurations = (
				F4FA4D9921C30A8C0062BDE2 /* Debug */,
				F4FA4D9A21C30A8C0062BDE2 /* Release */,
			);
			defaultConfigurationIsVisible = 0;
			defaultConfigurationName = Release;
		};
		F4FA4D9B21C30A8C0062BDE2 /* Build configuration list for PBXNativeTarget "AITestBed" */ = {
			isa = XCConfigurationList;
			buildConfigurations = (
				F4FA4D9C21C30A8C0062BDE2 /* Debug */,
				F4FA4D9D21C30A8C0062BDE2 /* Release */,
			);
			defaultConfigurationIsVisible = 0;
			defaultConfigurationName = Release;
		};
/* End XCConfigurationList section */
	};
	rootObject = F4FA4D7D21C30A8B0062BDE2 /* Project object */;
}
